
Microsoft Visual Studio Solution File, Format Version 12.00
# Visual Studio Version 16
VisualStudioVersion = 16.0.29215.179
MinimumVisualStudioVersion = 10.0.40219.1
Project("{FAE04EC0-301F-11D3-BF4B-00C04F79EFBC}") = "JsonToExcel", "JsonToExcel\JsonToExcel.csproj", "{6A67DADA-9D69-4903-A946-CC82D805F222}"
EndProject
Project("{FAE04EC0-301F-11D3-BF4B-00C04F79EFBC}") = "JsonToExcel.Test", "JsonToExcel.Test\JsonToExcel.Test.csproj", "{B4EDE6DC-6895-4AD8-89A5-CE0D06065320}"
EndProject
Global
	GlobalSection(SolutionConfigurationPlatforms) = preSolution
		Debug|Any CPU = Debug|Any CPU
		Release|Any CPU = Release|Any CPU
	EndGlobalSection
	GlobalSection(ProjectConfigurationPlatforms) = postSolution
		{6A67DADA-9D69-4903-A946-CC82D805F222}.Debug|Any CPU.ActiveCfg = Debug|Any CPU
		{6A67DADA-9D69-4903-A946-CC82D805F222}.Debug|Any CPU.Build.0 = Debug|Any CPU
		{6A67DADA-9D69-4903-A946-CC82D805F222}.Release|Any CPU.ActiveCfg = Release|Any CPU
		{6A67DADA-9D69-4903-A946-CC82D805F222}.Release|Any CPU.Build.0 = Release|Any CPU
		{B4EDE6DC-6895-4AD8-89A5-CE0D06065320}.Debug|Any CPU.ActiveCfg = Debug|Any CPU
		{B4EDE6DC-6895-4AD8-89A5-CE0D06065320}.Debug|Any CPU.Build.0 = Debug|Any CPU
		{B4EDE6DC-6895-4AD8-89A5-CE0D06065320}.Release|Any CPU.ActiveCfg = Release|Any CPU
		{B4EDE6DC-6895-4AD8-89A5-CE0D06065320}.Release|Any CPU.Build.0 = Release|Any CPU
	EndGlobalSection
	GlobalSection(SolutionProperties) = preSolution
		HideSolutionNode = FALSE
	EndGlobalSection
	GlobalSection(ExtensibilityGlobals) = postSolution
		SolutionGuid = {1DBEF0B4-CB6D-4A5A-BCA5-6C07C94FEFB7}
	EndGlobalSection
EndGlobal
